// !$*UTF8*$!
{
	archiveVersion = 1;
	classes = {
	};
	objectVersion = 46;
	objects = {

/* Begin PBXBuildFile section */
		7FC54B3419B27B36000D1EDD /* Foundation.framework in Frameworks */ = {isa = PBXBuildFile; fileRef = 7FC54B3319B27B36000D1EDD /* Foundation.framework */; };
		7FC54B3619B27B36000D1EDD /* CoreGraphics.framework in Frameworks */ = {isa = PBXBuildFile; fileRef = 7FC54B3519B27B36000D1EDD /* CoreGraphics.framework */; };
		7FC54B3819B27B36000D1EDD /* UIKit.framework in Frameworks */ = {isa = PBXBuildFile; fileRef = 7FC54B3719B27B36000D1EDD /* UIKit.framework */; };
		7FC54B3E19B27B36000D1EDD /* InfoPlist.strings in Resources */ = {isa = PBXBuildFile; fileRef = 7FC54B3C19B27B36000D1EDD /* InfoPlist.strings */; };
		7FC54B4019B27B36000D1EDD /* main.m in Sources */ = {isa = PBXBuildFile; fileRef = 7FC54B3F19B27B36000D1EDD /* main.m */; };
		7FC54B4419B27B36000D1EDD /* CVAppDelegate.m in Sources */ = {isa = PBXBuildFile; fileRef = 7FC54B4319B27B36000D1EDD /* CVAppDelegate.m */; };
		7FC54B4719B27B36000D1EDD /* Main_iPhone.storyboard in Resources */ = {isa = PBXBuildFile; fileRef = 7FC54B4519B27B36000D1EDD /* Main_iPhone.storyboard */; };
		7FC54B4A19B27B36000D1EDD /* Main_iPad.storyboard in Resources */ = {isa = PBXBuildFile; fileRef = 7FC54B4819B27B36000D1EDD /* Main_iPad.storyboard */; };
		7FC54B4D19B27B36000D1EDD /* CVViewController.m in Sources */ = {isa = PBXBuildFile; fileRef = 7FC54B4C19B27B36000D1EDD /* CVViewController.m */; };
		7FC54B4F19B27B36000D1EDD /* Images.xcassets in Resources */ = {isa = PBXBuildFile; fileRef = 7FC54B4E19B27B36000D1EDD /* Images.xcassets */; };
		7FC54B5619B27B36000D1EDD /* XCTest.framework in Frameworks */ = {isa = PBXBuildFile; fileRef = 7FC54B5519B27B36000D1EDD /* XCTest.framework */; };
		7FC54B5719B27B36000D1EDD /* Foundation.framework in Frameworks */ = {isa = PBXBuildFile; fileRef = 7FC54B3319B27B36000D1EDD /* Foundation.framework */; };
		7FC54B5819B27B36000D1EDD /* UIKit.framework in Frameworks */ = {isa = PBXBuildFile; fileRef = 7FC54B3719B27B36000D1EDD /* UIKit.framework */; };
		7FC54B6019B27B36000D1EDD /* InfoPlist.strings in Resources */ = {isa = PBXBuildFile; fileRef = 7FC54B5E19B27B36000D1EDD /* InfoPlist.strings */; };
		7FC54B6219B27B36000D1EDD /* ComicViewerKickGirlTests.m in Sources */ = {isa = PBXBuildFile; fileRef = 7FC54B6119B27B36000D1EDD /* ComicViewerKickGirlTests.m */; };
		7FC54B6E19B27C6E000D1EDD /* CVArchiveXMLDownloader.m in Sources */ = {isa = PBXBuildFile; fileRef = 7FC54B6D19B27C6E000D1EDD /* CVArchiveXMLDownloader.m */; };
		7FC54B7119B27C93000D1EDD /* CVThumbnailImageDownloader.m in Sources */ = {isa = PBXBuildFile; fileRef = 7FC54B7019B27C93000D1EDD /* CVThumbnailImageDownloader.m */; };
		7FC54B7419B27CA9000D1EDD /* CVFullImageDownloader.m in Sources */ = {isa = PBXBuildFile; fileRef = 7FC54B7319B27CA9000D1EDD /* CVFullImageDownloader.m */; };
		7FC54B7719B28A31000D1EDD /* CVComicRecord.m in Sources */ = {isa = PBXBuildFile; fileRef = 7FC54B7619B28A31000D1EDD /* CVComicRecord.m */; };
		7FC54B7A19B28D10000D1EDD /* CVPendingOperations.m in Sources */ = {isa = PBXBuildFile; fileRef = 7FC54B7919B28D10000D1EDD /* CVPendingOperations.m */; };
		7FC54B7D19B2B12E000D1EDD /* CVKickGirlTableViewController.m in Sources */ = {isa = PBXBuildFile; fileRef = 7FC54B7C19B2B12E000D1EDD /* CVKickGirlTableViewController.m */; };
		7FC54B8019B2C534000D1EDD /* CVContentViewController.m in Sources */ = {isa = PBXBuildFile; fileRef = 7FC54B7F19B2C534000D1EDD /* CVContentViewController.m */; };
/* End PBXBuildFile section */

/* Begin PBXContainerItemProxy section */
		7FC54B5919B27B36000D1EDD /* PBXContainerItemProxy */ = {
			isa = PBXContainerItemProxy;
			containerPortal = 7FC54B2819B27B36000D1EDD /* Project object */;
			proxyType = 1;
			remoteGlobalIDString = 7FC54B2F19B27B36000D1EDD;
			remoteInfo = ComicViewerKickGirl;
		};
/* End PBXContainerItemProxy section */

/* Begin PBXFileReference section */
		7FC54B3019B27B36000D1EDD /* ComicViewerKickGirl.app */ = {isa = PBXFileReference; explicitFileType = wrapper.application; includeInIndex = 0; path = ComicViewerKickGirl.app; sourceTree = BUILT_PRODUCTS_DIR; };
		7FC54B3319B27B36000D1EDD /* Foundation.framework */ = {isa = PBXFileReference; lastKnownFileType = wrapper.framework; name = Foundation.framework; path = System/Library/Frameworks/Foundation.framework; sourceTree = SDKROOT; };
		7FC54B3519B27B36000D1EDD /* CoreGraphics.framework */ = {isa = PBXFileReference; lastKnownFileType = wrapper.framework; name = CoreGraphics.framework; path = System/Library/Frameworks/CoreGraphics.framework; sourceTree = SDKROOT; };
		7FC54B3719B27B36000D1EDD /* UIKit.framework */ = {isa = PBXFileReference; lastKnownFileType = wrapper.framework; name = UIKit.framework; path = System/Library/Frameworks/UIKit.framework; sourceTree = SDKROOT; };
		7FC54B3B19B27B36000D1EDD /* ComicViewerKickGirl-Info.plist */ = {isa = PBXFileReference; lastKnownFileType = text.plist.xml; path = "ComicViewerKickGirl-Info.plist"; sourceTree = "<group>"; };
		7FC54B3D19B27B36000D1EDD /* en */ = {isa = PBXFileReference; lastKnownFileType = text.plist.strings; name = en; path = en.lproj/InfoPlist.strings; sourceTree = "<group>"; };
		7FC54B3F19B27B36000D1EDD /* main.m */ = {isa = PBXFileReference; lastKnownFileType = sourcecode.c.objc; path = main.m; sourceTree = "<group>"; };
		7FC54B4119B27B36000D1EDD /* ComicViewerKickGirl-Prefix.pch */ = {isa = PBXFileReference; lastKnownFileType = sourcecode.c.h; path = "ComicViewerKickGirl-Prefix.pch"; sourceTree = "<group>"; };
		7FC54B4219B27B36000D1EDD /* CVAppDelegate.h */ = {isa = PBXFileReference; lastKnownFileType = sourcecode.c.h; path = CVAppDelegate.h; sourceTree = "<group>"; };
		7FC54B4319B27B36000D1EDD /* CVAppDelegate.m */ = {isa = PBXFileReference; lastKnownFileType = sourcecode.c.objc; path = CVAppDelegate.m; sourceTree = "<group>"; };
		7FC54B4619B27B36000D1EDD /* Base */ = {isa = PBXFileReference; lastKnownFileType = file.storyboard; name = Base; path = Base.lproj/Main_iPhone.storyboard; sourceTree = "<group>"; };
		7FC54B4919B27B36000D1EDD /* Base */ = {isa = PBXFileReference; lastKnownFileType = file.storyboard; name = Base; path = Base.lproj/Main_iPad.storyboard; sourceTree = "<group>"; };
		7FC54B4B19B27B36000D1EDD /* CVViewController.h */ = {isa = PBXFileReference; lastKnownFileType = sourcecode.c.h; path = CVViewController.h; sourceTree = "<group>"; };
		7FC54B4C19B27B36000D1EDD /* CVViewController.m */ = {isa = PBXFileReference; lastKnownFileType = sourcecode.c.objc; path = CVViewController.m; sourceTree = "<group>"; };
		7FC54B4E19B27B36000D1EDD /* Images.xcassets */ = {isa = PBXFileReference; lastKnownFileType = folder.assetcatalog; path = Images.xcassets; sourceTree = "<group>"; };
		7FC54B5419B27B36000D1EDD /* ComicViewerKickGirlTests.xctest */ = {isa = PBXFileReference; explicitFileType = wrapper.cfbundle; includeInIndex = 0; path = ComicViewerKickGirlTests.xctest; sourceTree = BUILT_PRODUCTS_DIR; };
		7FC54B5519B27B36000D1EDD /* XCTest.framework */ = {isa = PBXFileReference; lastKnownFileType = wrapper.framework; name = XCTest.framework; path = Library/Frameworks/XCTest.framework; sourceTree = DEVELOPER_DIR; };
		7FC54B5D19B27B36000D1EDD /* ComicViewerKickGirlTests-Info.plist */ = {isa = PBXFileReference; lastKnownFileType = text.plist.xml; path = "ComicViewerKickGirlTests-Info.plist"; sourceTree = "<group>"; };
		7FC54B5F19B27B36000D1EDD /* en */ = {isa = PBXFileReference; lastKnownFileType = text.plist.strings; name = en; path = en.lproj/InfoPlist.strings; sourceTree = "<group>"; };
		7FC54B6119B27B36000D1EDD /* ComicViewerKickGirlTests.m */ = {isa = PBXFileReference; lastKnownFileType = sourcecode.c.objc; path = ComicViewerKickGirlTests.m; sourceTree = "<group>"; };
		7FC54B6C19B27C6E000D1EDD /* CVArchiveXMLDownloader.h */ = {isa = PBXFileReference; fileEncoding = 4; lastKnownFileType = sourcecode.c.h; path = CVArchiveXMLDownloader.h; sourceTree = "<group>"; };
		7FC54B6D19B27C6E000D1EDD /* CVArchiveXMLDownloader.m */ = {isa = PBXFileReference; fileEncoding = 4; lastKnownFileType = sourcecode.c.objc; path = CVArchiveXMLDownloader.m; sourceTree = "<group>"; };
		7FC54B6F19B27C93000D1EDD /* CVThumbnailImageDownloader.h */ = {isa = PBXFileReference; fileEncoding = 4; lastKnownFileType = sourcecode.c.h; path = CVThumbnailImageDownloader.h; sourceTree = "<group>"; };
		7FC54B7019B27C93000D1EDD /* CVThumbnailImageDownloader.m */ = {isa = PBXFileReference; fileEncoding = 4; lastKnownFileType = sourcecode.c.objc; path = CVThumbnailImageDownloader.m; sourceTree = "<group>"; };
		7FC54B7219B27CA9000D1EDD /* CVFullImageDownloader.h */ = {isa = PBXFileReference; fileEncoding = 4; lastKnownFileType = sourcecode.c.h; path = CVFullImageDownloader.h; sourceTree = "<group>"; };
		7FC54B7319B27CA9000D1EDD /* CVFullImageDownloader.m */ = {isa = PBXFileReference; fileEncoding = 4; lastKnownFileType = sourcecode.c.objc; path = CVFullImageDownloader.m; sourceTree = "<group>"; };
		7FC54B7519B28A31000D1EDD /* CVComicRecord.h */ = {isa = PBXFileReference; fileEncoding = 4; lastKnownFileType = sourcecode.c.h; path = CVComicRecord.h; sourceTree = "<group>"; };
		7FC54B7619B28A31000D1EDD /* CVComicRecord.m */ = {isa = PBXFileReference; fileEncoding = 4; lastKnownFileType = sourcecode.c.objc; path = CVComicRecord.m; sourceTree = "<group>"; };
		7FC54B7819B28D10000D1EDD /* CVPendingOperations.h */ = {isa = PBXFileReference; fileEncoding = 4; lastKnownFileType = sourcecode.c.h; path = CVPendingOperations.h; sourceTree = "<group>"; };
		7FC54B7919B28D10000D1EDD /* CVPendingOperations.m */ = {isa = PBXFileReference; fileEncoding = 4; lastKnownFileType = sourcecode.c.objc; path = CVPendingOperations.m; sourceTree = "<group>"; };
		7FC54B7B19B2B12E000D1EDD /* CVKickGirlTableViewController.h */ = {isa = PBXFileReference; fileEncoding = 4; lastKnownFileType = sourcecode.c.h; path = CVKickGirlTableViewController.h; sourceTree = "<group>"; };
		7FC54B7C19B2B12E000D1EDD /* CVKickGirlTableViewController.m */ = {isa = PBXFileReference; fileEncoding = 4; lastKnownFileType = sourcecode.c.objc; path = CVKickGirlTableViewController.m; sourceTree = "<group>"; };
		7FC54B7E19B2C534000D1EDD /* CVContentViewController.h */ = {isa = PBXFileReference; fileEncoding = 4; lastKnownFileType = sourcecode.c.h; path = CVContentViewController.h; sourceTree = "<group>"; };
		7FC54B7F19B2C534000D1EDD /* CVContentViewController.m */ = {isa = PBXFileReference; fileEncoding = 4; lastKnownFileType = sourcecode.c.objc; path = CVContentViewController.m; sourceTree = "<group>"; };
/* End PBXFileReference section */

/* Begin PBXFrameworksBuildPhase section */
		7FC54B2D19B27B36000D1EDD /* Frameworks */ = {
			isa = PBXFrameworksBuildPhase;
			buildActionMask = 2147483647;
			files = (
				7FC54B3619B27B36000D1EDD /* CoreGraphics.framework in Frameworks */,
				7FC54B3819B27B36000D1EDD /* UIKit.framework in Frameworks */,
				7FC54B3419B27B36000D1EDD /* Foundation.framework in Frameworks */,
			);
			runOnlyForDeploymentPostprocessing = 0;
		};
		7FC54B5119B27B36000D1EDD /* Frameworks */ = {
			isa = PBXFrameworksBuildPhase;
			buildActionMask = 2147483647;
			files = (
				7FC54B5619B27B36000D1EDD /* XCTest.framework in Frameworks */,
				7FC54B5819B27B36000D1EDD /* UIKit.framework in Frameworks */,
				7FC54B5719B27B36000D1EDD /* Foundation.framework in Frameworks */,
			);
			runOnlyForDeploymentPostprocessing = 0;
		};
/* End PBXFrameworksBuildPhase section */

/* Begin PBXGroup section */
		7FC54B2719B27B36000D1EDD = {
			isa = PBXGroup;
			children = (
				7FC54B3919B27B36000D1EDD /* ComicViewerKickGirl */,
				7FC54B5B19B27B36000D1EDD /* ComicViewerKickGirlTests */,
				7FC54B3219B27B36000D1EDD /* Frameworks */,
				7FC54B3119B27B36000D1EDD /* Products */,
			);
			sourceTree = "<group>";
		};
		7FC54B3119B27B36000D1EDD /* Products */ = {
			isa = PBXGroup;
			children = (
				7FC54B3019B27B36000D1EDD /* ComicViewerKickGirl.app */,
				7FC54B5419B27B36000D1EDD /* ComicViewerKickGirlTests.xctest */,
			);
			name = Products;
			sourceTree = "<group>";
		};
		7FC54B3219B27B36000D1EDD /* Frameworks */ = {
			isa = PBXGroup;
			children = (
				7FC54B3319B27B36000D1EDD /* Foundation.framework */,
				7FC54B3519B27B36000D1EDD /* CoreGraphics.framework */,
				7FC54B3719B27B36000D1EDD /* UIKit.framework */,
				7FC54B5519B27B36000D1EDD /* XCTest.framework */,
			);
			name = Frameworks;
			sourceTree = "<group>";
		};
		7FC54B3919B27B36000D1EDD /* ComicViewerKickGirl */ = {
			isa = PBXGroup;
			children = (
				7FC54B4219B27B36000D1EDD /* CVAppDelegate.h */,
				7FC54B4319B27B36000D1EDD /* CVAppDelegate.m */,
				7FC54B4519B27B36000D1EDD /* Main_iPhone.storyboard */,
				7FC54B4819B27B36000D1EDD /* Main_iPad.storyboard */,
				7FC54B7B19B2B12E000D1EDD /* CVKickGirlTableViewController.h */,
				7FC54B7C19B2B12E000D1EDD /* CVKickGirlTableViewController.m */,
				7FC54B4B19B27B36000D1EDD /* CVViewController.h */,
				7FC54B4C19B27B36000D1EDD /* CVViewController.m */,
				7FC54B7E19B2C534000D1EDD /* CVContentViewController.h */,
				7FC54B7F19B2C534000D1EDD /* CVContentViewController.m */,
				7FC54B7519B28A31000D1EDD /* CVComicRecord.h */,
				7FC54B7619B28A31000D1EDD /* CVComicRecord.m */,
				7FC54B7819B28D10000D1EDD /* CVPendingOperations.h */,
				7FC54B7919B28D10000D1EDD /* CVPendingOperations.m */,
				7FC54B6B19B27C25000D1EDD /* NSOperation */,
				7FC54B4E19B27B36000D1EDD /* Images.xcassets */,
				7FC54B3A19B27B36000D1EDD /* Supporting Files */,
			);
			path = ComicViewerKickGirl;
			sourceTree = "<group>";
		};
		7FC54B3A19B27B36000D1EDD /* Supporting Files */ = {
			isa = PBXGroup;
			children = (
				7FC54B3B19B27B36000D1EDD /* ComicViewerKickGirl-Info.plist */,
				7FC54B3C19B27B36000D1EDD /* InfoPlist.strings */,
				7FC54B3F19B27B36000D1EDD /* main.m */,
				7FC54B4119B27B36000D1EDD /* ComicViewerKickGirl-Prefix.pch */,
			);
			name = "Supporting Files";
			sourceTree = "<group>";
		};
		7FC54B5B19B27B36000D1EDD /* ComicViewerKickGirlTests */ = {
			isa = PBXGroup;
			children = (
				7FC54B6119B27B36000D1EDD /* ComicViewerKickGirlTests.m */,
				7FC54B5C19B27B36000D1EDD /* Supporting Files */,
			);
			path = ComicViewerKickGirlTests;
			sourceTree = "<group>";
		};
		7FC54B5C19B27B36000D1EDD /* Supporting Files */ = {
			isa = PBXGroup;
			children = (
				7FC54B5D19B27B36000D1EDD /* ComicViewerKickGirlTests-Info.plist */,
				7FC54B5E19B27B36000D1EDD /* InfoPlist.strings */,
			);
			name = "Supporting Files";
			sourceTree = "<group>";
		};
		7FC54B6B19B27C25000D1EDD /* NSOperation */ = {
			isa = PBXGroup;
			children = (
				7FC54B6C19B27C6E000D1EDD /* CVArchiveXMLDownloader.h */,
				7FC54B6D19B27C6E000D1EDD /* CVArchiveXMLDownloader.m */,
				7FC54B6F19B27C93000D1EDD /* CVThumbnailImageDownloader.h */,
				7FC54B7019B27C93000D1EDD /* CVThumbnailImageDownloader.m */,
				7FC54B7219B27CA9000D1EDD /* CVFullImageDownloader.h */,
				7FC54B7319B27CA9000D1EDD /* CVFullImageDownloader.m */,
			);
			name = NSOperation;
			sourceTree = "<group>";
		};
/* End PBXGroup section */

/* Begin PBXNativeTarget section */
		7FC54B2F19B27B36000D1EDD /* ComicViewerKickGirl */ = {
			isa = PBXNativeTarget;
			buildConfigurationList = 7FC54B6519B27B36000D1EDD /* Build configuration list for PBXNativeTarget "ComicViewerKickGirl" */;
			buildPhases = (
				7FC54B2C19B27B36000D1EDD /* Sources */,
				7FC54B2D19B27B36000D1EDD /* Frameworks */,
				7FC54B2E19B27B36000D1EDD /* Resources */,
			);
			buildRules = (
			);
			dependencies = (
			);
			name = ComicViewerKickGirl;
			productName = ComicViewerKickGirl;
			productReference = 7FC54B3019B27B36000D1EDD /* ComicViewerKickGirl.app */;
			productType = "com.apple.product-type.application";
		};
		7FC54B5319B27B36000D1EDD /* ComicViewerKickGirlTests */ = {
			isa = PBXNativeTarget;
			buildConfigurationList = 7FC54B6819B27B36000D1EDD /* Build configuration list for PBXNativeTarget "ComicViewerKickGirlTests" */;
			buildPhases = (
				7FC54B5019B27B36000D1EDD /* Sources */,
				7FC54B5119B27B36000D1EDD /* Frameworks */,
				7FC54B5219B27B36000D1EDD /* Resources */,
			);
			buildRules = (
			);
			dependencies = (
				7FC54B5A19B27B36000D1EDD /* PBXTargetDependency */,
			);
			name = ComicViewerKickGirlTests;
			productName = ComicViewerKickGirlTests;
			productReference = 7FC54B5419B27B36000D1EDD /* ComicViewerKickGirlTests.xctest */;
			productType = "com.apple.product-type.bundle.unit-test";
		};
/* End PBXNativeTarget section */

/* Begin PBXProject section */
		7FC54B2819B27B36000D1EDD /* Project object */ = {
			isa = PBXProject;
			attributes = {
				CLASSPREFIX = CV;
				LastUpgradeCheck = 0510;
				ORGANIZATIONNAME = dnthome;
				TargetAttributes = {
					7FC54B5319B27B36000D1EDD = {
						TestTargetID = 7FC54B2F19B27B36000D1EDD;
					};
				};
			};
			buildConfigurationList = 7FC54B2B19B27B36000D1EDD /* Build configuration list for PBXProject "ComicViewerKickGirl" */;
			compatibilityVersion = "Xcode 3.2";
			developmentRegion = English;
			hasScannedForEncodings = 0;
			knownRegions = (
				en,
				Base,
			);
			mainGroup = 7FC54B2719B27B36000D1EDD;
			productRefGroup = 7FC54B3119B27B36000D1EDD /* Products */;
			projectDirPath = "";
			projectRoot = "";
			targets = (
				7FC54B2F19B27B36000D1EDD /* ComicViewerKickGirl */,
				7FC54B5319B27B36000D1EDD /* ComicViewerKickGirlTests */,
			);
		};
/* End PBXProject section */

/* Begin PBXResourcesBuildPhase section */
		7FC54B2E19B27B36000D1EDD /* Resources */ = {
			isa = PBXResourcesBuildPhase;
			buildActionMask = 2147483647;
			files = (
				7FC54B4A19B27B36000D1EDD /* Main_iPad.storyboard in Resources */,
				7FC54B4F19B27B36000D1EDD /* Images.xcassets in Resources */,
				7FC54B4719B27B36000D1EDD /* Main_iPhone.storyboard in Resources */,
				7FC54B3E19B27B36000D1EDD /* InfoPlist.strings in Resources */,
			);
			runOnlyForDeploymentPostprocessing = 0;
		};
		7FC54B5219B27B36000D1EDD /* Resources */ = {
			isa = PBXResourcesBuildPhase;
			buildActionMask = 2147483647;
			files = (
				7FC54B6019B27B36000D1EDD /* InfoPlist.strings in Resources */,
			);
			runOnlyForDeploymentPostprocessing = 0;
		};
/* End PBXResourcesBuildPhase section */

/* Begin PBXSourcesBuildPhase section */
		7FC54B2C19B27B36000D1EDD /* Sources */ = {
			isa = PBXSourcesBuildPhase;
			buildActionMask = 2147483647;
			files = (
				7FC54B4019B27B36000D1EDD /* main.m in Sources */,
				7FC54B8019B2C534000D1EDD /* CVContentViewController.m in Sources */,
				7FC54B4419B27B36000D1EDD /* CVAppDelegate.m in Sources */,
				7FC54B7A19B28D10000D1EDD /* CVPendingOperations.m in Sources */,
				7FC54B7119B27C93000D1EDD /* CVThumbnailImageDownloader.m in Sources */,
				7FC54B6E19B27C6E000D1EDD /* CVArchiveXMLDownloader.m in Sources */,
				7FC54B7419B27CA9000D1EDD /* CVFullImageDownloader.m in Sources */,
				7FC54B4D19B27B36000D1EDD /* CVViewController.m in Sources */,
				7FC54B7D19B2B12E000D1EDD /* CVKickGirlTableViewController.m in Sources */,
				7FC54B7719B28A31000D1EDD /* CVComicRecord.m in Sources */,
			);
			runOnlyForDeploymentPostprocessing = 0;
		};
		7FC54B5019B27B36000D1EDD /* Sources */ = {
			isa = PBXSourcesBuildPhase;
			buildActionMask = 2147483647;
			files = (
				7FC54B6219B27B36000D1EDD /* ComicViewerKickGirlTests.m in Sources */,
			);
			runOnlyForDeploymentPostprocessing = 0;
		};
/* End PBXSourcesBuildPhase section */

/* Begin PBXTargetDependency section */
		7FC54B5A19B27B36000D1EDD /* PBXTargetDependency */ = {
			isa = PBXTargetDependency;
			target = 7FC54B2F19B27B36000D1EDD /* ComicViewerKickGirl */;
			targetProxy = 7FC54B5919B27B36000D1EDD /* PBXContainerItemProxy */;
		};
/* End PBXTargetDependency section */

/* Begin PBXVariantGroup section */
		7FC54B3C19B27B36000D1EDD /* InfoPlist.strings */ = {
			isa = PBXVariantGroup;
			children = (
				7FC54B3D19B27B36000D1EDD /* en */,
			);
			name = InfoPlist.strings;
			sourceTree = "<group>";
		};
		7FC54B4519B27B36000D1EDD /* Main_iPhone.storyboard */ = {
			isa = PBXVariantGroup;
			children = (
				7FC54B4619B27B36000D1EDD /* Base */,
			);
			name = Main_iPhone.storyboard;
			sourceTree = "<group>";
		};
		7FC54B4819B27B36000D1EDD /* Main_iPad.storyboard */ = {
			isa = PBXVariantGroup;
			children = (
				7FC54B4919B27B36000D1EDD /* Base */,
			);
			name = Main_iPad.storyboard;
			sourceTree = "<group>";
		};
		7FC54B5E19B27B36000D1EDD /* InfoPlist.strings */ = {
			isa = PBXVariantGroup;
			children = (
				7FC54B5F19B27B36000D1EDD /* en */,
			);
			name = InfoPlist.strings;
			sourceTree = "<group>";
		};
/* End PBXVariantGroup section */

/* Begin XCBuildConfiguration section */
		7FC54B6319B27B36000D1EDD /* Debug */ = {
			isa = XCBuildConfiguration;
			buildSettings = {
				ALWAYS_SEARCH_USER_PATHS = NO;
				CLANG_CXX_LANGUAGE_STANDARD = "gnu++0x";
				CLANG_CXX_LIBRARY = "libc++";
				CLANG_ENABLE_MODULES = YES;
				CLANG_ENABLE_OBJC_ARC = YES;
				CLANG_WARN_BOOL_CONVERSION = YES;
				CLANG_WARN_CONSTANT_CONVERSION = YES;
				CLANG_WARN_DIRECT_OBJC_ISA_USAGE = YES_ERROR;
				CLANG_WARN_EMPTY_BODY = YES;
				CLANG_WARN_ENUM_CONVERSION = YES;
				CLANG_WARN_INT_CONVERSION = YES;
				CLANG_WARN_OBJC_ROOT_CLASS = YES_ERROR;
				CLANG_WARN__DUPLICATE_METHOD_MATCH = YES;
				"CODE_SIGN_IDENTITY[sdk=iphoneos*]" = "iPhone Developer";
				COPY_PHASE_STRIP = NO;
				GCC_C_LANGUAGE_STANDARD = gnu99;
				GCC_DYNAMIC_NO_PIC = NO;
				GCC_OPTIMIZATION_LEVEL = 0;
				GCC_PREPROCESSOR_DEFINITIONS = (
					"DEBUG=1",
					"$(inherited)",
				);
				GCC_SYMBOLS_PRIVATE_EXTERN = NO;
				GCC_WARN_64_TO_32_BIT_CONVERSION = YES;
				GCC_WARN_ABOUT_RETURN_TYPE = YES_ERROR;
				GCC_WARN_UNDECLARED_SELECTOR = YES;
				GCC_WARN_UNINITIALIZED_AUTOS = YES_AGGRESSIVE;
				GCC_WARN_UNUSED_FUNCTION = YES;
				GCC_WARN_UNUSED_VARIABLE = YES;
				IPHONEOS_DEPLOYMENT_TARGET = 7.1;
				ONLY_ACTIVE_ARCH = YES;
				SDKROOT = iphoneos;
				TARGETED_DEVICE_FAMILY = "1,2";
			};
			name = Debug;
		};
		7FC54B6419B27B36000D1EDD /* Release */ = {
			isa = XCBuildConfiguration;
			buildSettings = {
				ALWAYS_SEARCH_USER_PATHS = NO;
				CLANG_CXX_LANGUAGE_STANDARD = "gnu++0x";
				CLANG_CXX_LIBRARY = "libc++";
				CLANG_ENABLE_MODULES = YES;
				CLANG_ENABLE_OBJC_ARC = YES;
				CLANG_WARN_BOOL_CONVERSION = YES;
				CLANG_WARN_CONSTANT_CONVERSION = YES;
				CLANG_WARN_DIRECT_OBJC_ISA_USAGE = YES_ERROR;
				CLANG_WARN_EMPTY_BODY = YES;
				CLANG_WARN_ENUM_CONVERSION = YES;
				CLANG_WARN_INT_CONVERSION = YES;
				CLANG_WARN_OBJC_ROOT_CLASS = YES_ERROR;
				CLANG_WARN__DUPLICATE_METHOD_MATCH = YES;
				"CODE_SIGN_IDENTITY[sdk=iphoneos*]" = "iPhone Developer";
				COPY_PHASE_STRIP = YES;
				ENABLE_NS_ASSERTIONS = NO;
				GCC_C_LANGUAGE_STANDARD = gnu99;
				GCC_WARN_64_TO_32_BIT_CONVERSION = YES;
				GCC_WARN_ABOUT_RETURN_TYPE = YES_ERROR;
				GCC_WARN_UNDECLARED_SELECTOR = YES;
				GCC_WARN_UNINITIALIZED_AUTOS = YES_AGGRESSIVE;
				GCC_WARN_UNUSED_FUNCTION = YES;
				GCC_WARN_UNUSED_VARIABLE = YES;
				IPHONEOS_DEPLOYMENT_TARGET = 7.1;
				SDKROOT = iphoneos;
				TARGETED_DEVICE_FAMILY = "1,2";
				VALIDATE_PRODUCT = YES;
			};
			name = Release;
		};
		7FC54B6619B27B36000D1EDD /* Debug */ = {
			isa = XCBuildConfiguration;
			buildSettings = {
				ASSETCATALOG_COMPILER_APPICON_NAME = AppIcon;
				ASSETCATALOG_COMPILER_LAUNCHIMAGE_NAME = LaunchImage;
				GCC_PRECOMPILE_PREFIX_HEADER = YES;
				GCC_PREFIX_HEADER = "ComicViewerKickGirl/ComicViewerKickGirl-Prefix.pch";
				INFOPLIST_FILE = "ComicViewerKickGirl/ComicViewerKickGirl-Info.plist";
				PRODUCT_NAME = "$(TARGET_NAME)";
				WRAPPER_EXTENSION = app;
			};
			name = Debug;
		};
		7FC54B6719B27B36000D1EDD /* Release */ = {
			isa = XCBuildConfiguration;
			buildSettings = {
				ASSETCATALOG_COMPILER_APPICON_NAME = AppIcon;
				ASSETCATALOG_COMPILER_LAUNCHIMAGE_NAME = LaunchImage;
				GCC_PRECOMPILE_PREFIX_HEADER = YES;
				GCC_PREFIX_HEADER = "ComicViewerKickGirl/ComicViewerKickGirl-Prefix.pch";
				INFOPLIST_FILE = "ComicViewerKickGirl/ComicViewerKickGirl-Info.plist";
				PRODUCT_NAME = "$(TARGET_NAME)";
				WRAPPER_EXTENSION = app;
			};
			name = Release;
		};
		7FC54B6919B27B36000D1EDD /* Debug */ = {
			isa = XCBuildConfiguration;
			buildSettings = {
				BUNDLE_LOADER = "$(BUILT_PRODUCTS_DIR)/ComicViewerKickGirl.app/ComicViewerKickGirl";
				FRAMEWORK_SEARCH_PATHS = (
					"$(SDKROOT)/Developer/Library/Frameworks",
					"$(inherited)",
					"$(DEVELOPER_FRAMEWORKS_DIR)",
				);
				GCC_PRECOMPILE_PREFIX_HEADER = YES;
				GCC_PREFIX_HEADER = "ComicViewerKickGirl/ComicViewerKickGirl-Prefix.pch";
				GCC_PREPROCESSOR_DEFINITIONS = (
					"DEBUG=1",
					"$(inherited)",
				);
				INFOPLIST_FILE = "ComicViewerKickGirlTests/ComicViewerKickGirlTests-Info.plist";
				PRODUCT_NAME = "$(TARGET_NAME)";
				TEST_HOST = "$(BUNDLE_LOADER)";
				WRAPPER_EXTENSION = xctest;
			};
			name = Debug;
		};
		7FC54B6A19B27B36000D1EDD /* Release */ = {
			isa = XCBuildConfiguration;
			buildSettings = {
				BUNDLE_LOADER = "$(BUILT_PRODUCTS_DIR)/ComicViewerKickGirl.app/ComicViewerKickGirl";
				FRAMEWORK_SEARCH_PATHS = (
					"$(SDKROOT)/Developer/Library/Frameworks",
					"$(inherited)",
					"$(DEVELOPER_FRAMEWORKS_DIR)",
				);
				GCC_PRECOMPILE_PREFIX_HEADER = YES;
				GCC_PREFIX_HEADER = "ComicViewerKickGirl/ComicViewerKickGirl-Prefix.pch";
				INFOPLIST_FILE = "ComicViewerKickGirlTests/ComicViewerKickGirlTests-Info.plist";
				PRODUCT_NAME = "$(TARGET_NAME)";
				TEST_HOST = "$(BUNDLE_LOADER)";
				WRAPPER_EXTENSION = xctest;
			};
			name = Release;
		};
/* End XCBuildConfiguration section */

/* Begin XCConfigurationList section */
		7FC54B2B19B27B36000D1EDD /* Build configuration list for PBXProject "ComicViewerKickGirl" */ = {
			isa = XCConfigurationList;
			buildConfigurations = (
				7FC54B6319B27B36000D1EDD /* Debug */,
				7FC54B6419B27B36000D1EDD /* Release */,
			);
			defaultConfigurationIsVisible = 0;
			defaultConfigurationName = Release;
		};
		7FC54B6519B27B36000D1EDD /* Build configuration list for PBXNativeTarget "ComicViewerKickGirl" */ = {
			isa = XCConfigurationList;
			buildConfigurations = (
				7FC54B6619B27B36000D1EDD /* Debug */,
				7FC54B6719B27B36000D1EDD /* Release */,
			);
			defaultConfigurationIsVisible = 0;
		};
		7FC54B6819B27B36000D1EDD /* Build configuration list for PBXNativeTarget "ComicViewerKickGirlTests" */ = {
			isa = XCConfigurationList;
			buildConfigurations = (
				7FC54B6919B27B36000D1EDD /* Debug */,
				7FC54B6A19B27B36000D1EDD /* Release */,
			);
			defaultConfigurationIsVisible = 0;
		};
/* End XCConfigurationList section */
	};
	rootObject = 7FC54B2819B27B36000D1EDD /* Project object */;
}
